// !$*UTF8*$!
{
	archiveVersion = 1;
	classes = {
	};
	objectVersion = 46;
	objects = {

/* Begin PBXBuildFile section */
		4E85F2E01B539189005B910A /* main.m in Sources */ = {isa = PBXBuildFile; fileRef = 4E85F2DF1B539189005B910A /* main.m */; };
		4E85F2E31B539189005B910A /* AppDelegate.m in Sources */ = {isa = PBXBuildFile; fileRef = 4E85F2E21B539189005B910A /* AppDelegate.m */; };
		4E85F2E61B539189005B910A /* ViewController.m in Sources */ = {isa = PBXBuildFile; fileRef = 4E85F2E51B539189005B910A /* ViewController.m */; };
		4E85F2EB1B539189005B910A /* Images.xcassets in Resources */ = {isa = PBXBuildFile; fileRef = 4E85F2EA1B539189005B910A /* Images.xcassets */; };
		4E85F2EE1B539189005B910A /* LaunchScreen.xib in Resources */ = {isa = PBXBuildFile; fileRef = 4E85F2EC1B539189005B910A /* LaunchScreen.xib */; };
		4E85F3041B5391E5005B910A /* blue@2x.png in Resources */ = {isa = PBXBuildFile; fileRef = 4E85F3031B5391E5005B910A /* blue@2x.png */; };
		4E85F30E1B539245005B910A /* main.m in Sources */ = {isa = PBXBuildFile; fileRef = 4E85F30D1B539245005B910A /* main.m */; };
		4E85F3111B539245005B910A /* AppDelegate.m in Sources */ = {isa = PBXBuildFile; fileRef = 4E85F3101B539245005B910A /* AppDelegate.m */; };
		4E85F3141B539245005B910A /* ViewController.m in Sources */ = {isa = PBXBuildFile; fileRef = 4E85F3131B539245005B910A /* ViewController.m */; };
		4E85F3191B539245005B910A /* Images.xcassets in Resources */ = {isa = PBXBuildFile; fileRef = 4E85F3181B539245005B910A /* Images.xcassets */; };
		4E85F31C1B539245005B910A /* LaunchScreen.xib in Resources */ = {isa = PBXBuildFile; fileRef = 4E85F31A1B539245005B910A /* LaunchScreen.xib */; };
		4E85F3361B5392A2005B910A /* pigEyeOpen0.png in Resources */ = {isa = PBXBuildFile; fileRef = 4E85F32F1B5392A2005B910A /* pigEyeOpen0.png */; };
		4E85F3371B5392A2005B910A /* pigEyeOpen1.png in Resources */ = {isa = PBXBuildFile; fileRef = 4E85F3301B5392A2005B910A /* pigEyeOpen1.png */; };
		4E85F3381B5392A2005B910A /* red@2x.png in Resources */ = {isa = PBXBuildFile; fileRef = 4E85F3311B5392A2005B910A /* red@2x.png */; };
		4E85F3391B5392A2005B910A /* SecondViewController.m in Sources */ = {isa = PBXBuildFile; fileRef = 4E85F3331B5392A2005B910A /* SecondViewController.m */; };
		4E85F33A1B5392A2005B910A /* UIDoubleTapGesureRecognizer.m in Sources */ = {isa = PBXBuildFile; fileRef = 4E85F3351B5392A2005B910A /* UIDoubleTapGesureRecognizer.m */; };
/* End PBXBuildFile section */

/* Begin PBXFileReference section */
		4E85F2DA1B539189005B910A /* 02_UIGestureRecognizerDemo.app */ = {isa = PBXFileReference; explicitFileType = wrapper.application; includeInIndex = 0; path = 02_UIGestureRecognizerDemo.app; sourceTree = BUILT_PRODUCTS_DIR; };
		4E85F2DE1B539189005B910A /* Info.plist */ = {isa = PBXFileReference; lastKnownFileType = text.plist.xml; path = Info.plist; sourceTree = "<group>"; };
		4E85F2DF1B539189005B910A /* main.m */ = {isa = PBXFileReference; lastKnownFileType = sourcecode.c.objc; path = main.m; sourceTree = "<group>"; };
		4E85F2E11B539189005B910A /* AppDelegate.h */ = {isa = PBXFileReference; lastKnownFileType = sourcecode.c.h; path = AppDelegate.h; sourceTree = "<group>"; };
		4E85F2E21B539189005B910A /* AppDelegate.m */ = {isa = PBXFileReference; lastKnownFileType = sourcecode.c.objc; path = AppDelegate.m; sourceTree = "<group>"; };
		4E85F2E41B539189005B910A /* ViewController.h */ = {isa = PBXFileReference; lastKnownFileType = sourcecode.c.h; path = ViewController.h; sourceTree = "<group>"; };
		4E85F2E51B539189005B910A /* ViewController.m */ = {isa = PBXFileReference; lastKnownFileType = sourcecode.c.objc; path = ViewController.m; sourceTree = "<group>"; };
		4E85F2EA1B539189005B910A /* Images.xcassets */ = {isa = PBXFileReference; lastKnownFileType = folder.assetcatalog; path = Images.xcassets; sourceTree = "<group>"; };
		4E85F2ED1B539189005B910A /* Base */ = {isa = PBXFileReference; lastKnownFileType = file.xib; name = Base; path = Base.lproj/LaunchScreen.xib; sourceTree = "<group>"; };
		4E85F3031B5391E5005B910A /* blue@2x.png */ = {isa = PBXFileReference; lastKnownFileType = image.png; path = "blue@2x.png"; sourceTree = "<group>"; };
		4E85F3091B539245005B910A /* 02_GesturesConflict.app */ = {isa = PBXFileReference; explicitFileType = wrapper.application; includeInIndex = 0; path = 02_GesturesConflict.app; sourceTree = BUILT_PRODUCTS_DIR; };
		4E85F30C1B539245005B910A /* Info.plist */ = {isa = PBXFileReference; lastKnownFileType = text.plist.xml; path = Info.plist; sourceTree = "<group>"; };
		4E85F30D1B539245005B910A /* main.m */ = {isa = PBXFileReference; lastKnownFileType = sourcecode.c.objc; path = main.m; sourceTree = "<group>"; };
		4E85F30F1B539245005B910A /* AppDelegate.h */ = {isa = PBXFileReference; lastKnownFileType = sourcecode.c.h; path = AppDelegate.h; sourceTree = "<group>"; };
		4E85F3101B539245005B910A /* AppDelegate.m */ = {isa = PBXFileReference; lastKnownFileType = sourcecode.c.objc; path = AppDelegate.m; sourceTree = "<group>"; };
		4E85F3121B539245005B910A /* ViewController.h */ = {isa = PBXFileReference; lastKnownFileType = sourcecode.c.h; path = ViewController.h; sourceTree = "<group>"; };
		4E85F3131B539245005B910A /* ViewController.m */ = {isa = PBXFileReference; lastKnownFileType = sourcecode.c.objc; path = ViewController.m; sourceTree = "<group>"; };
		4E85F3181B539245005B910A /* Images.xcassets */ = {isa = PBXFileReference; lastKnownFileType = folder.assetcatalog; path = Images.xcassets; sourceTree = "<group>"; };
		4E85F31B1B539245005B910A /* Base */ = {isa = PBXFileReference; lastKnownFileType = file.xib; name = Base; path = Base.lproj/LaunchScreen.xib; sourceTree = "<group>"; };
		4E85F32F1B5392A2005B910A /* pigEyeOpen0.png */ = {isa = PBXFileReference; lastKnownFileType = image.png; path = pigEyeOpen0.png; sourceTree = "<group>"; };
		4E85F3301B5392A2005B910A /* pigEyeOpen1.png */ = {isa = PBXFileReference; lastKnownFileType = image.png; path = pigEyeOpen1.png; sourceTree = "<group>"; };
		4E85F3311B5392A2005B910A /* red@2x.png */ = {isa = PBXFileReference; lastKnownFileType = image.png; path = "red@2x.png"; sourceTree = "<group>"; };
		4E85F3321B5392A2005B910A /* SecondViewController.h */ = {isa = PBXFileReference; fileEncoding = 4; lastKnownFileType = sourcecode.c.h; path = SecondViewController.h; sourceTree = "<group>"; };
		4E85F3331B5392A2005B910A /* SecondViewController.m */ = {isa = PBXFileReference; fileEncoding = 4; lastKnownFileType = sourcecode.c.objc; path = SecondViewController.m; sourceTree = "<group>"; };
		4E85F3341B5392A2005B910A /* UIDoubleTapGesureRecognizer.h */ = {isa = PBXFileReference; fileEncoding = 4; lastKnownFileType = sourcecode.c.h; path = UIDoubleTapGesureRecognizer.h; sourceTree = "<group>"; };
		4E85F3351B5392A2005B910A /* UIDoubleTapGesureRecognizer.m */ = {isa = PBXFileReference; fileEncoding = 4; lastKnownFileType = sourcecode.c.objc; path = UIDoubleTapGesureRecognizer.m; sourceTree = "<group>"; };
/* End PBXFileReference section */

/* Begin PBXFrameworksBuildPhase section */
		4E85F2D71B539189005B910A /* Frameworks */ = {
			isa = PBXFrameworksBuildPhase;
			buildActionMask = 2147483647;
			files = (
			);
			runOnlyForDeploymentPostprocessing = 0;
		};
		4E85F3061B539245005B910A /* Frameworks */ = {
			isa = PBXFrameworksBuildPhase;
			buildActionMask = 2147483647;
			files = (
			);
			runOnlyForDeploymentPostprocessing = 0;
		};
/* End PBXFrameworksBuildPhase section */

/* Begin PBXGroup section */
		4E85F2D11B539189005B910A = {
			isa = PBXGroup;
			children = (
				4E85F2DC1B539189005B910A /* 02_UIGestureRecognizerDemo */,
				4E85F30A1B539245005B910A /* 02_GesturesConflict */,
				4E85F2DB1B539189005B910A /* Products */,
			);
			sourceTree = "<group>";
		};
		4E85F2DB1B539189005B910A /* Products */ = {
			isa = PBXGroup;
			children = (
				4E85F2DA1B539189005B910A /* 02_UIGestureRecognizerDemo.app */,
				4E85F3091B539245005B910A /* 02_GesturesConflict.app */,
			);
			name = Products;
			sourceTree = "<group>";
		};
		4E85F2DC1B539189005B910A /* 02_UIGestureRecognizerDemo */ = {
			isa = PBXGroup;
			children = (
				4E85F3031B5391E5005B910A /* blue@2x.png */,
				4E85F2E11B539189005B910A /* AppDelegate.h */,
				4E85F2E21B539189005B910A /* AppDelegate.m */,
				4E85F2E41B539189005B910A /* ViewController.h */,
				4E85F2E51B539189005B910A /* ViewController.m */,
				4E85F2EA1B539189005B910A /* Images.xcassets */,
				4E85F2EC1B539189005B910A /* LaunchScreen.xib */,
				4E85F2DD1B539189005B910A /* Supporting Files */,
			);
			path = 02_UIGestureRecognizerDemo;
			sourceTree = "<group>";
		};
		4E85F2DD1B539189005B910A /* Supporting Files */ = {
			isa = PBXGroup;
			children = (
				4E85F2DE1B539189005B910A /* Info.plist */,
				4E85F2DF1B539189005B910A /* main.m */,
			);
			name = "Supporting Files";
			sourceTree = "<group>";
		};
		4E85F30A1B539245005B910A /* 02_GesturesConflict */ = {
			isa = PBXGroup;
			children = (
				4E85F32F1B5392A2005B910A /* pigEyeOpen0.png */,
				4E85F3301B5392A2005B910A /* pigEyeOpen1.png */,
				4E85F3311B5392A2005B910A /* red@2x.png */,
				4E85F3321B5392A2005B910A /* SecondViewController.h */,
				4E85F3331B5392A2005B910A /* SecondViewController.m */,
				4E85F3341B5392A2005B910A /* UIDoubleTapGesureRecognizer.h */,
				4E85F3351B5392A2005B910A /* UIDoubleTapGesureRecognizer.m */,
				4E85F30F1B539245005B910A /* AppDelegate.h */,
				4E85F3101B539245005B910A /* AppDelegate.m */,
				4E85F3121B539245005B910A /* ViewController.h */,
				4E85F3131B539245005B910A /* ViewController.m */,
				4E85F3181B539245005B910A /* Images.xcassets */,
				4E85F31A1B539245005B910A /* LaunchScreen.xib */,
				4E85F30B1B539245005B910A /* Supporting Files */,
			);
			path = 02_GesturesConflict;
			sourceTree = "<group>";
		};
		4E85F30B1B539245005B910A /* Supporting Files */ = {
			isa = PBXGroup;
			children = (
				4E85F30C1B539245005B910A /* Info.plist */,
				4E85F30D1B539245005B910A /* main.m */,
			);
			name = "Supporting Files";
			sourceTree = "<group>";
		};
/* End PBXGroup section */

/* Begin PBXNativeTarget section */
		4E85F2D91B539189005B910A /* 02_UIGestureRecognizerDemo */ = {
			isa = PBXNativeTarget;
			buildConfigurationList = 4E85F2FD1B53918A005B910A /* Build configuration list for PBXNativeTarget "02_UIGestureRecognizerDemo" */;
			buildPhases = (
				4E85F2D61B539189005B910A /* Sources */,
				4E85F2D71B539189005B910A /* Frameworks */,
				4E85F2D81B539189005B910A /* Resources */,
			);
			buildRules = (
			);
			dependencies = (
			);
			name = 02_UIGestureRecognizerDemo;
			productName = 02_UIGestureRecognizerDemo;
			productReference = 4E85F2DA1B539189005B910A /* 02_UIGestureRecognizerDemo.app */;
			productType = "com.apple.product-type.application";
		};
		4E85F3081B539245005B910A /* 02_GesturesConflict */ = {
			isa = PBXNativeTarget;
			buildConfigurationList = 4E85F3291B539246005B910A /* Build configuration list for PBXNativeTarget "02_GesturesConflict" */;
			buildPhases = (
				4E85F3051B539245005B910A /* Sources */,
				4E85F3061B539245005B910A /* Frameworks */,
				4E85F3071B539245005B910A /* Resources */,
			);
			buildRules = (
			);
			dependencies = (
			);
			name = 02_GesturesConflict;
			productName = 02_GesturesConflict;
			productReference = 4E85F3091B539245005B910A /* 02_GesturesConflict.app */;
			productType = "com.apple.product-type.application";
		};
/* End PBXNativeTarget section */

/* Begin PBXProject section */
		4E85F2D21B539189005B910A /* Project object */ = {
			isa = PBXProject;
			attributes = {
				LastUpgradeCheck = 0610;
				ORGANIZATIONNAME = MS;
				TargetAttributes = {
					4E85F2D91B539189005B910A = {
						CreatedOnToolsVersion = 6.1;
					};
					4E85F3081B539245005B910A = {
						CreatedOnToolsVersion = 6.1;
					};
				};
			};
			buildConfigurationList = 4E85F2D51B539189005B910A /* Build configuration list for PBXProject "02_UIGestureRecognizerDemo" */;
			compatibilityVersion = "Xcode 3.2";
			developmentRegion = English;
			hasScannedForEncodings = 0;
			knownRegions = (
				en,
				Base,
			);
			mainGroup = 4E85F2D11B539189005B910A;
			productRefGroup = 4E85F2DB1B539189005B910A /* Products */;
			projectDirPath = "";
			projectRoot = "";
			targets = (
				4E85F2D91B539189005B910A /* 02_UIGestureRecognizerDemo */,
				4E85F3081B539245005B910A /* 02_GesturesConflict */,
			);
		};
/* End PBXProject section */

/* Begin PBXResourcesBuildPhase section */
		4E85F2D81B539189005B910A /* Resources */ = {
			isa = PBXResourcesBuildPhase;
			buildActionMask = 2147483647;
			files = (
				4E85F3041B5391E5005B910A /* blue@2x.png in Resources */,
				4E85F2EE1B539189005B910A /* LaunchScreen.xib in Resources */,
				4E85F2EB1B539189005B910A /* Images.xcassets in Resources */,
			);
			runOnlyForDeploymentPostprocessing = 0;
		};
		4E85F3071B539245005B910A /* Resources */ = {
			isa = PBXResourcesBuildPhase;
			buildActionMask = 2147483647;
			files = (
				4E85F3371B5392A2005B910A /* pigEyeOpen1.png in Resources */,
				4E85F31C1B539245005B910A /* LaunchScreen.xib in Resources */,
				4E85F3191B539245005B910A /* Images.xcassets in Resources */,
				4E85F3381B5392A2005B910A /* red@2x.png in Resources */,
				4E85F3361B5392A2005B910A /* pigEyeOpen0.png in Resources */,
			);
			runOnlyForDeploymentPostprocessing = 0;
		};
/* End PBXResourcesBuildPhase section */

/* Begin PBXSourcesBuildPhase section */
		4E85F2D61B539189005B910A /* Sources */ = {
			isa = PBXSourcesBuildPhase;
			buildActionMask = 2147483647;
			files = (
				4E85F2E61B539189005B910A /* ViewController.m in Sources */,
				4E85F2E31B539189005B910A /* AppDelegate.m in Sources */,
				4E85F2E01B539189005B910A /* main.m in Sources */,
			);
			runOnlyForDeploymentPostprocessing = 0;
		};
		4E85F3051B539245005B910A /* Sources */ = {
			isa = PBXSourcesBuildPhase;
			buildActionMask = 2147483647;
			files = (
				4E85F3391B5392A2005B910A /* SecondViewController.m in Sources */,
				4E85F3141B539245005B910A /* ViewController.m in Sources */,
				4E85F3111B539245005B910A /* AppDelegate.m in Sources */,
				4E85F33A1B5392A2005B910A /* UIDoubleTapGesureRecognizer.m in Sources */,
				4E85F30E1B539245005B910A /* main.m in Sources */,
			);
			runOnlyForDeploymentPostprocessing = 0;
		};
/* End PBXSourcesBuildPhase section */

/* Begin PBXVariantGroup section */
		4E85F2EC1B539189005B910A /* LaunchScreen.xib */ = {
			isa = PBXVariantGroup;
			children = (
				4E85F2ED1B539189005B910A /* Base */,
			);
			name = LaunchScreen.xib;
			sourceTree = "<group>";
		};
		4E85F31A1B539245005B910A /* LaunchScreen.xib */ = {
			isa = PBXVariantGroup;
			children = (
				4E85F31B1B539245005B910A /* Base */,
			);
			name = LaunchScreen.xib;
			sourceTree = "<group>";
		};
/* End PBXVariantGroup section */

/* Begin XCBuildConfiguration section */
		4E85F2FB1B53918A005B910A /* Debug */ = {
			isa = XCBuildConfiguration;
			buildSettings = {
				ALWAYS_SEARCH_USER_PATHS = NO;
				CLANG_CXX_LANGUAGE_STANDARD = "gnu++0x";
				CLANG_CXX_LIBRARY = "libc++";
				CLANG_ENABLE_MODULES = YES;
				CLANG_ENABLE_OBJC_ARC = YES;
				CLANG_WARN_BOOL_CONVERSION = YES;
				CLANG_WARN_CONSTANT_CONVERSION = YES;
				CLANG_WARN_DIRECT_OBJC_ISA_USAGE = YES_ERROR;
				CLANG_WARN_EMPTY_BODY = YES;
				CLANG_WARN_ENUM_CONVERSION = YES;
				CLANG_WARN_INT_CONVERSION = YES;
				CLANG_WARN_OBJC_ROOT_CLASS = YES_ERROR;
				CLANG_WARN_UNREACHABLE_CODE = YES;
				CLANG_WARN__DUPLICATE_METHOD_MATCH = YES;
				"CODE_SIGN_IDENTITY[sdk=iphoneos*]" = "iPhone Developer";
				COPY_PHASE_STRIP = NO;
				ENABLE_STRICT_OBJC_MSGSEND = YES;
				GCC_C_LANGUAGE_STANDARD = gnu99;
				GCC_DYNAMIC_NO_PIC = NO;
				GCC_OPTIMIZATION_LEVEL = 0;
				GCC_PREPROCESSOR_DEFINITIONS = (
					"DEBUG=1",
					"$(inherited)",
				);
				GCC_SYMBOLS_PRIVATE_EXTERN = NO;
				GCC_WARN_64_TO_32_BIT_CONVERSION = YES;
				GCC_WARN_ABOUT_RETURN_TYPE = YES_ERROR;
				GCC_WARN_UNDECLARED_SELECTOR = YES;
				GCC_WARN_UNINITIALIZED_AUTOS = YES_AGGRESSIVE;
				GCC_WARN_UNUSED_FUNCTION = YES;
				GCC_WARN_UNUSED_VARIABLE = YES;
				IPHONEOS_DEPLOYMENT_TARGET = 8.1;
				MTL_ENABLE_DEBUG_INFO = YES;
				ONLY_ACTIVE_ARCH = YES;
				SDKROOT = iphoneos;
			};
			name = Debug;
		};
		4E85F2FC1B53918A005B910A /* Release */ = {
			isa = XCBuildConfiguration;
			buildSettings = {
				ALWAYS_SEARCH_USER_PATHS = NO;
				CLANG_CXX_LANGUAGE_STANDARD = "gnu++0x";
				CLANG_CXX_LIBRARY = "libc++";
				CLANG_ENABLE_MODULES = YES;
				CLANG_ENABLE_OBJC_ARC = YES;
				CLANG_WARN_BOOL_CONVERSION = YES;
				CLANG_WARN_CONSTANT_CONVERSION = YES;
				CLANG_WARN_DIRECT_OBJC_ISA_USAGE = YES_ERROR;
				CLANG_WARN_EMPTY_BODY = YES;
				CLANG_WARN_ENUM_CONVERSION = YES;
				CLANG_WARN_INT_CONVERSION = YES;
				CLANG_WARN_OBJC_ROOT_CLASS = YES_ERROR;
				CLANG_WARN_UNREACHABLE_CODE = YES;
				CLANG_WARN__DUPLICATE_METHOD_MATCH = YES;
				"CODE_SIGN_IDENTITY[sdk=iphoneos*]" = "iPhone Developer";
				COPY_PHASE_STRIP = YES;
				ENABLE_NS_ASSERTIONS = NO;
				ENABLE_STRICT_OBJC_MSGSEND = YES;
				GCC_C_LANGUAGE_STANDARD = gnu99;
				GCC_WARN_64_TO_32_BIT_CONVERSION = YES;
				GCC_WARN_ABOUT_RETURN_TYPE = YES_ERROR;
				GCC_WARN_UNDECLARED_SELECTOR = YES;
				GCC_WARN_UNINITIALIZED_AUTOS = YES_AGGRESSIVE;
				GCC_WARN_UNUSED_FUNCTION = YES;
				GCC_WARN_UNUSED_VARIABLE = YES;
				IPHONEOS_DEPLOYMENT_TARGET = 8.1;
				MTL_ENABLE_DEBUG_INFO = NO;
				SDKROOT = iphoneos;
				VALIDATE_PRODUCT = YES;
			};
			name = Release;
		};
		4E85F2FE1B53918A005B910A /* Debug */ = {
			isa = XCBuildConfiguration;
			buildSettings = {
				ASSETCATALOG_COMPILER_APPICON_NAME = AppIcon;
				INFOPLIST_FILE = 02_UIGestureRecognizerDemo/Info.plist;
				LD_RUNPATH_SEARCH_PATHS = "$(inherited) @executable_path/Frameworks";
				PRODUCT_NAME = "$(TARGET_NAME)";
			};
			name = Debug;
		};
		4E85F2FF1B53918A005B910A /* Release */ = {
			isa = XCBuildConfiguration;
			buildSettings = {
				ASSETCATALOG_COMPILER_APPICON_NAME = AppIcon;
				INFOPLIST_FILE = 02_UIGestureRecognizerDemo/Info.plist;
				LD_RUNPATH_SEARCH_PATHS = "$(inherited) @executable_path/Frameworks";
				PRODUCT_NAME = "$(TARGET_NAME)";
			};
			name = Release;
		};
		4E85F32A1B539246005B910A /* Debug */ = {
			isa = XCBuildConfiguration;
			buildSettings = {
				ASSETCATALOG_COMPILER_APPICON_NAME = AppIcon;
				GCC_PREPROCESSOR_DEFINITIONS = (
					"DEBUG=1",
					"$(inherited)",
				);
				INFOPLIST_FILE = 02_GesturesConflict/Info.plist;
				LD_RUNPATH_SEARCH_PATHS = "$(inherited) @executable_path/Frameworks";
				PRODUCT_NAME = "$(TARGET_NAME)";
			};
			name = Debug;
		};
		4E85F32B1B539246005B910A /* Release */ = {
			isa = XCBuildConfiguration;
			buildSettings = {
				ASSETCATALOG_COMPILER_APPICON_NAME = AppIcon;
				INFOPLIST_FILE = 02_GesturesConflict/Info.plist;
				LD_RUNPATH_SEARCH_PATHS = "$(inherited) @executable_path/Frameworks";
				PRODUCT_NAME = "$(TARGET_NAME)";
			};
			name = Release;
		};
/* End XCBuildConfiguration section */

/* Begin XCConfigurationList section */
		4E85F2D51B539189005B910A /* Build configuration list for PBXProject "02_UIGestureRecognizerDemo" */ = {
			isa = XCConfigurationList;
			buildConfigurations = (
				4E85F2FB1B53918A005B910A /* Debug */,
				4E85F2FC1B53918A005B910A /* Release */,
			);
			defaultConfigurationIsVisible = 0;
			defaultConfigurationName = Release;
		};
		4E85F2FD1B53918A005B910A /* Build configuration list for PBXNativeTarget "02_UIGestureRecognizerDemo" */ = {
			isa = XCConfigurationList;
			buildConfigurations = (
				4E85F2FE1B53918A005B910A /* Debug */,
				4E85F2FF1B53918A005B910A /* Release */,
			);
			defaultConfigurationIsVisible = 0;
		};
		4E85F3291B539246005B910A /* Build configuration list for PBXNativeTarget "02_GesturesConflict" */ = {
			isa = XCConfigurationList;
			buildConfigurations = (
				4E85F32A1B539246005B910A /* Debug */,
				4E85F32B1B539246005B910A /* Release */,
			);
			defaultConfigurationIsVisible = 0;
		};
/* End XCConfigurationList section */
	};
	rootObject = 4E85F2D21B539189005B910A /* Project object */;
}
